{
  "name": "@wbenxin/gateway",
  "version": "2.0.2",
  "lockfileVersion": 1,
  "requires": true,
  "dependencies": {
    "commander": {
      "version": "4.1.1",
      "resolved": "https://registry.npm.taobao.org/commander/download/commander-4.1.1.tgz",
      "integrity": "sha512-NOKm8xhkzAjzFx8B2v5OAHT+u5pRQc2UCa2Vq9jYL/31o2wi9mxBA7LIFs3sV5VSC49z6pEhfbMULvShKj26WA=="
    },
    "console-color-mr": {
      "version": "2.0.1",
      "resolved": "https://registry.npmjs.org/console-color-mr/-/console-color-mr-2.0.1.tgz",
      "integrity": "sha512-pV0KDTBdK13vSFywnspL2S2Ny8sX1fGDa4ijL92IL7Z605OttM/cc3kUzhcfKHE6KhmePMpUhlwxytGq/TPOAg=="
    }
  }
}
